
Microsoft Visual Studio Solution File, Format Version 12.00
# Visual Studio Version 17
VisualStudioVersion = 17.5.33414.496
MinimumVisualStudioVersion = 10.0.40219.1
Project("{9A19103F-16F7-4668-BE54-9A1E7A4F7556}") = "OlygariaPieShop", "OlygariaPieShop\OlygariaPieShop.csproj", "{822F56EA-16A7-4E41-B2D7-2D799008A066}"
EndProject
Global
	GlobalSection(SolutionConfigurationPlatforms) = preSolution
		Debug|Any CPU = Debug|Any CPU
		Release|Any CPU = Release|Any CPU
	EndGlobalSection
	GlobalSection(ProjectConfigurationPlatforms) = postSolution
		{822F56EA-16A7-4E41-B2D7-2D799008A066}.Debug|Any CPU.ActiveCfg = Debug|Any CPU
		{822F56EA-16A7-4E41-B2D7-2D799008A066}.Debug|Any CPU.Build.0 = Debug|Any CPU
		{822F56EA-16A7-4E41-B2D7-2D799008A066}.Release|Any CPU.ActiveCfg = Release|Any CPU
		{822F56EA-16A7-4E41-B2D7-2D799008A066}.Release|Any CPU.Build.0 = Release|Any CPU
	EndGlobalSection
	GlobalSection(SolutionProperties) = preSolution
		HideSolutionNode = FALSE
	EndGlobalSection
	GlobalSection(ExtensibilityGlobals) = postSolution
		SolutionGuid = {514F10E4-FD73-4E92-B6E3-FC7FB538B607}
	EndGlobalSection
EndGlobal
