
Microsoft Visual Studio Solution File, Format Version 12.00
Project("{FAE04EC0-301F-11D3-BF4B-00C04F79EFBC}") = "LibraryApp", "LibraryApp\LibraryApp.csproj", "{FBBA5556-0FA3-4D7C-AB8A-1132832FA935}"
EndProject
Global
	GlobalSection(SolutionConfigurationPlatforms) = preSolution
		Debug|Any CPU = Debug|Any CPU
		Release|Any CPU = Release|Any CPU
	EndGlobalSection
	GlobalSection(ProjectConfigurationPlatforms) = postSolution
		{FBBA5556-0FA3-4D7C-AB8A-1132832FA935}.Debug|Any CPU.ActiveCfg = Debug|Any CPU
		{FBBA5556-0FA3-4D7C-AB8A-1132832FA935}.Debug|Any CPU.Build.0 = Debug|Any CPU
		{FBBA5556-0FA3-4D7C-AB8A-1132832FA935}.Release|Any CPU.ActiveCfg = Release|Any CPU
		{FBBA5556-0FA3-4D7C-AB8A-1132832FA935}.Release|Any CPU.Build.0 = Release|Any CPU
	EndGlobalSection
EndGlobal
